// !$*UTF8*$!
{
	archiveVersion = 1;
	classes = {
	};
	objectVersion = 55;
	objects = {

/* Begin PBXBuildFile section */
		04BBC5DE2A2733D4007D3AFB /* main.m in Sources */ = {isa = PBXBuildFile; fileRef = 04BBC5DD2A2733D4007D3AFB /* main.m */; };
		04BBC6042A2733E4007D3AFB /* string_buffer.c in Sources */ = {isa = PBXBuildFile; fileRef = 04BBC5E72A2733E4007D3AFB /* string_buffer.c */; };
		04BBC6052A2733E4007D3AFB /* util.c in Sources */ = {isa = PBXBuildFile; fileRef = 04BBC5E92A2733E4007D3AFB /* util.c */; };
		04BBC6062A2733E4007D3AFB /* vector.c in Sources */ = {isa = PBXBuildFile; fileRef = 04BBC5EC2A2733E4007D3AFB /* vector.c */; };
		04BBC6072A2733E4007D3AFB /* attribute.c in Sources */ = {isa = PBXBuildFile; fileRef = 04BBC5ED2A2733E4007D3AFB /* attribute.c */; };
		04BBC6082A2733E4007D3AFB /* char_ref.c in Sources */ = {isa = PBXBuildFile; fileRef = 04BBC5EE2A2733E4007D3AFB /* char_ref.c */; };
		04BBC6092A2733E4007D3AFB /* utf8.c in Sources */ = {isa = PBXBuildFile; fileRef = 04BBC5F02A2733E4007D3AFB /* utf8.c */; };
		04BBC60A2A2733E4007D3AFB /* error.c in Sources */ = {isa = PBXBuildFile; fileRef = 04BBC5F52A2733E4007D3AFB /* error.c */; };
		04BBC60B2A2733E4007D3AFB /* tag.c in Sources */ = {isa = PBXBuildFile; fileRef = 04BBC5F72A2733E4007D3AFB /* tag.c */; };
		04BBC60C2A2733E4007D3AFB /* parser.c in Sources */ = {isa = PBXBuildFile; fileRef = 04BBC5FB2A2733E4007D3AFB /* parser.c */; };
		04BBC60D2A2733E4007D3AFB /* tokenizer.c in Sources */ = {isa = PBXBuildFile; fileRef = 04BBC5FD2A2733E4007D3AFB /* tokenizer.c */; };
		04BBC60E2A2733E4007D3AFB /* string_piece.c in Sources */ = {isa = PBXBuildFile; fileRef = 04BBC5FE2A2733E4007D3AFB /* string_piece.c */; };
		04BBC60F2A2733E4007D3AFB /* OCGumbo+Query.m in Sources */ = {isa = PBXBuildFile; fileRef = 04BBC6022A2733E4007D3AFB /* OCGumbo+Query.m */; };
		04BBC6102A2733E4007D3AFB /* OCGumbo.m in Sources */ = {isa = PBXBuildFile; fileRef = 04BBC6032A2733E4007D3AFB /* OCGumbo.m */; };
/* End PBXBuildFile section */

/* Begin PBXCopyFilesBuildPhase section */
		04BBC5D82A2733D4007D3AFB /* CopyFiles */ = {
			isa = PBXCopyFilesBuildPhase;
			buildActionMask = 2147483647;
			dstPath = /usr/share/man/man1/;
			dstSubfolderSpec = 0;
			files = (
			);
			runOnlyForDeploymentPostprocessing = 1;
		};
/* End PBXCopyFilesBuildPhase section */

/* Begin PBXFileReference section */
		04BBC5DA2A2733D4007D3AFB /* GumboDemo */ = {isa = PBXFileReference; explicitFileType = "compiled.mach-o.executable"; includeInIndex = 0; path = GumboDemo; sourceTree = BUILT_PRODUCTS_DIR; };
		04BBC5DD2A2733D4007D3AFB /* main.m */ = {isa = PBXFileReference; lastKnownFileType = sourcecode.c.objc; path = main.m; sourceTree = "<group>"; };
		04BBC5E72A2733E4007D3AFB /* string_buffer.c */ = {isa = PBXFileReference; fileEncoding = 4; lastKnownFileType = sourcecode.c.c; path = string_buffer.c; sourceTree = "<group>"; };
		04BBC5E82A2733E4007D3AFB /* error.h */ = {isa = PBXFileReference; fileEncoding = 4; lastKnownFileType = sourcecode.c.h; path = error.h; sourceTree = "<group>"; };
		04BBC5E92A2733E4007D3AFB /* util.c */ = {isa = PBXFileReference; fileEncoding = 4; lastKnownFileType = sourcecode.c.c; path = util.c; sourceTree = "<group>"; };
		04BBC5EA2A2733E4007D3AFB /* insertion_mode.h */ = {isa = PBXFileReference; fileEncoding = 4; lastKnownFileType = sourcecode.c.h; path = insertion_mode.h; sourceTree = "<group>"; };
		04BBC5EB2A2733E4007D3AFB /* parser.h */ = {isa = PBXFileReference; fileEncoding = 4; lastKnownFileType = sourcecode.c.h; path = parser.h; sourceTree = "<group>"; };
		04BBC5EC2A2733E4007D3AFB /* vector.c */ = {isa = PBXFileReference; fileEncoding = 4; lastKnownFileType = sourcecode.c.c; path = vector.c; sourceTree = "<group>"; };
		04BBC5ED2A2733E4007D3AFB /* attribute.c */ = {isa = PBXFileReference; fileEncoding = 4; lastKnownFileType = sourcecode.c.c; path = attribute.c; sourceTree = "<group>"; };
		04BBC5EE2A2733E4007D3AFB /* char_ref.c */ = {isa = PBXFileReference; fileEncoding = 4; lastKnownFileType = sourcecode.c.c; path = char_ref.c; sourceTree = "<group>"; };
		04BBC5EF2A2733E4007D3AFB /* tokenizer.h */ = {isa = PBXFileReference; fileEncoding = 4; lastKnownFileType = sourcecode.c.h; path = tokenizer.h; sourceTree = "<group>"; };
		04BBC5F02A2733E4007D3AFB /* utf8.c */ = {isa = PBXFileReference; fileEncoding = 4; lastKnownFileType = sourcecode.c.c; path = utf8.c; sourceTree = "<group>"; };
		04BBC5F12A2733E4007D3AFB /* string_piece.h */ = {isa = PBXFileReference; fileEncoding = 4; lastKnownFileType = sourcecode.c.h; path = string_piece.h; sourceTree = "<group>"; };
		04BBC5F22A2733E4007D3AFB /* tokenizer_states.h */ = {isa = PBXFileReference; fileEncoding = 4; lastKnownFileType = sourcecode.c.h; path = tokenizer_states.h; sourceTree = "<group>"; };
		04BBC5F32A2733E4007D3AFB /* token_type.h */ = {isa = PBXFileReference; fileEncoding = 4; lastKnownFileType = sourcecode.c.h; path = token_type.h; sourceTree = "<group>"; };
		04BBC5F42A2733E4007D3AFB /* string_buffer.h */ = {isa = PBXFileReference; fileEncoding = 4; lastKnownFileType = sourcecode.c.h; path = string_buffer.h; sourceTree = "<group>"; };
		04BBC5F52A2733E4007D3AFB /* error.c */ = {isa = PBXFileReference; fileEncoding = 4; lastKnownFileType = sourcecode.c.c; path = error.c; sourceTree = "<group>"; };
		04BBC5F62A2733E4007D3AFB /* util.h */ = {isa = PBXFileReference; fileEncoding = 4; lastKnownFileType = sourcecode.c.h; path = util.h; sourceTree = "<group>"; };
		04BBC5F72A2733E4007D3AFB /* tag.c */ = {isa = PBXFileReference; fileEncoding = 4; lastKnownFileType = sourcecode.c.c; path = tag.c; sourceTree = "<group>"; };
		04BBC5F82A2733E4007D3AFB /* char_ref.h */ = {isa = PBXFileReference; fileEncoding = 4; lastKnownFileType = sourcecode.c.h; path = char_ref.h; sourceTree = "<group>"; };
		04BBC5F92A2733E4007D3AFB /* vector.h */ = {isa = PBXFileReference; fileEncoding = 4; lastKnownFileType = sourcecode.c.h; path = vector.h; sourceTree = "<group>"; };
		04BBC5FA2A2733E4007D3AFB /* attribute.h */ = {isa = PBXFileReference; fileEncoding = 4; lastKnownFileType = sourcecode.c.h; path = attribute.h; sourceTree = "<group>"; };
		04BBC5FB2A2733E4007D3AFB /* parser.c */ = {isa = PBXFileReference; fileEncoding = 4; lastKnownFileType = sourcecode.c.c; path = parser.c; sourceTree = "<group>"; };
		04BBC5FC2A2733E4007D3AFB /* utf8.h */ = {isa = PBXFileReference; fileEncoding = 4; lastKnownFileType = sourcecode.c.h; path = utf8.h; sourceTree = "<group>"; };
		04BBC5FD2A2733E4007D3AFB /* tokenizer.c */ = {isa = PBXFileReference; fileEncoding = 4; lastKnownFileType = sourcecode.c.c; path = tokenizer.c; sourceTree = "<group>"; };
		04BBC5FE2A2733E4007D3AFB /* string_piece.c */ = {isa = PBXFileReference; fileEncoding = 4; lastKnownFileType = sourcecode.c.c; path = string_piece.c; sourceTree = "<group>"; };
		04BBC5FF2A2733E4007D3AFB /* gumbo.h */ = {isa = PBXFileReference; fileEncoding = 4; lastKnownFileType = sourcecode.c.h; path = gumbo.h; sourceTree = "<group>"; };
		04BBC6002A2733E4007D3AFB /* OCGumbo+Query.h */ = {isa = PBXFileReference; fileEncoding = 4; lastKnownFileType = sourcecode.c.h; path = "OCGumbo+Query.h"; sourceTree = "<group>"; };
		04BBC6012A2733E4007D3AFB /* OCGumbo.h */ = {isa = PBXFileReference; fileEncoding = 4; lastKnownFileType = sourcecode.c.h; path = OCGumbo.h; sourceTree = "<group>"; };
		04BBC6022A2733E4007D3AFB /* OCGumbo+Query.m */ = {isa = PBXFileReference; fileEncoding = 4; lastKnownFileType = sourcecode.c.objc; path = "OCGumbo+Query.m"; sourceTree = "<group>"; };
		04BBC6032A2733E4007D3AFB /* OCGumbo.m */ = {isa = PBXFileReference; fileEncoding = 4; lastKnownFileType = sourcecode.c.objc; path = OCGumbo.m; sourceTree = "<group>"; };
/* End PBXFileReference section */

/* Begin PBXFrameworksBuildPhase section */
		04BBC5D72A2733D4007D3AFB /* Frameworks */ = {
			isa = PBXFrameworksBuildPhase;
			buildActionMask = 2147483647;
			files = (
			);
			runOnlyForDeploymentPostprocessing = 0;
		};
/* End PBXFrameworksBuildPhase section */

/* Begin PBXGroup section */
		04BBC5D12A2733D4007D3AFB = {
			isa = PBXGroup;
			children = (
				04BBC5DC2A2733D4007D3AFB /* GumboDemo */,
				04BBC5DB2A2733D4007D3AFB /* Products */,
			);
			sourceTree = "<group>";
		};
		04BBC5DB2A2733D4007D3AFB /* Products */ = {
			isa = PBXGroup;
			children = (
				04BBC5DA2A2733D4007D3AFB /* GumboDemo */,
			);
			name = Products;
			sourceTree = "<group>";
		};
		04BBC5DC2A2733D4007D3AFB /* GumboDemo */ = {
			isa = PBXGroup;
			children = (
				04BBC5E42A2733E4007D3AFB /* OCGumbo */,
				04BBC5DD2A2733D4007D3AFB /* main.m */,
			);
			path = GumboDemo;
			sourceTree = "<group>";
		};
		04BBC5E42A2733E4007D3AFB /* OCGumbo */ = {
			isa = PBXGroup;
			children = (
				04BBC5E52A2733E4007D3AFB /* gumbo */,
				04BBC6012A2733E4007D3AFB /* OCGumbo.h */,
				04BBC6032A2733E4007D3AFB /* OCGumbo.m */,
				04BBC6002A2733E4007D3AFB /* OCGumbo+Query.h */,
				04BBC6022A2733E4007D3AFB /* OCGumbo+Query.m */,
			);
			path = OCGumbo;
			sourceTree = "<group>";
		};
		04BBC5E52A2733E4007D3AFB /* gumbo */ = {
			isa = PBXGroup;
			children = (
				04BBC5E62A2733E4007D3AFB /* src */,
			);
			path = gumbo;
			sourceTree = "<group>";
		};
		04BBC5E62A2733E4007D3AFB /* src */ = {
			isa = PBXGroup;
			children = (
				04BBC5ED2A2733E4007D3AFB /* attribute.c */,
				04BBC5FA2A2733E4007D3AFB /* attribute.h */,
				04BBC5EE2A2733E4007D3AFB /* char_ref.c */,
				04BBC5F82A2733E4007D3AFB /* char_ref.h */,
				04BBC5F52A2733E4007D3AFB /* error.c */,
				04BBC5E82A2733E4007D3AFB /* error.h */,
				04BBC5FF2A2733E4007D3AFB /* gumbo.h */,
				04BBC5EA2A2733E4007D3AFB /* insertion_mode.h */,
				04BBC5FB2A2733E4007D3AFB /* parser.c */,
				04BBC5EB2A2733E4007D3AFB /* parser.h */,
				04BBC5E72A2733E4007D3AFB /* string_buffer.c */,
				04BBC5F42A2733E4007D3AFB /* string_buffer.h */,
				04BBC5FE2A2733E4007D3AFB /* string_piece.c */,
				04BBC5F12A2733E4007D3AFB /* string_piece.h */,
				04BBC5F72A2733E4007D3AFB /* tag.c */,
				04BBC5F32A2733E4007D3AFB /* token_type.h */,
				04BBC5F22A2733E4007D3AFB /* tokenizer_states.h */,
				04BBC5FD2A2733E4007D3AFB /* tokenizer.c */,
				04BBC5EF2A2733E4007D3AFB /* tokenizer.h */,
				04BBC5F02A2733E4007D3AFB /* utf8.c */,
				04BBC5FC2A2733E4007D3AFB /* utf8.h */,
				04BBC5E92A2733E4007D3AFB /* util.c */,
				04BBC5F62A2733E4007D3AFB /* util.h */,
				04BBC5EC2A2733E4007D3AFB /* vector.c */,
				04BBC5F92A2733E4007D3AFB /* vector.h */,
			);
			path = src;
			sourceTree = "<group>";
		};
/* End PBXGroup section */

/* Begin PBXNativeTarget section */
		04BBC5D92A2733D4007D3AFB /* GumboDemo */ = {
			isa = PBXNativeTarget;
			buildConfigurationList = 04BBC5E12A2733D4007D3AFB /* Build configuration list for PBXNativeTarget "GumboDemo" */;
			buildPhases = (
				04BBC5D62A2733D4007D3AFB /* Sources */,
				04BBC5D72A2733D4007D3AFB /* Frameworks */,
				04BBC5D82A2733D4007D3AFB /* CopyFiles */,
			);
			buildRules = (
			);
			dependencies = (
			);
			name = GumboDemo;
			productName = GumboDemo;
			productReference = 04BBC5DA2A2733D4007D3AFB /* GumboDemo */;
			productType = "com.apple.product-type.tool";
		};
/* End PBXNativeTarget section */

/* Begin PBXProject section */
		04BBC5D22A2733D4007D3AFB /* Project object */ = {
			isa = PBXProject;
			attributes = {
				BuildIndependentTargetsInParallel = 1;
				LastUpgradeCheck = 1340;
				TargetAttributes = {
					04BBC5D92A2733D4007D3AFB = {
						CreatedOnToolsVersion = 13.4.1;
					};
				};
			};
			buildConfigurationList = 04BBC5D52A2733D4007D3AFB /* Build configuration list for PBXProject "GumboDemo" */;
			compatibilityVersion = "Xcode 13.0";
			developmentRegion = en;
			hasScannedForEncodings = 0;
			knownRegions = (
				en,
				Base,
			);
			mainGroup = 04BBC5D12A2733D4007D3AFB;
			productRefGroup = 04BBC5DB2A2733D4007D3AFB /* Products */;
			projectDirPath = "";
			projectRoot = "";
			targets = (
				04BBC5D92A2733D4007D3AFB /* GumboDemo */,
			);
		};
/* End PBXProject section */

/* Begin PBXSourcesBuildPhase section */
		04BBC5D62A2733D4007D3AFB /* Sources */ = {
			isa = PBXSourcesBuildPhase;
			buildActionMask = 2147483647;
			files = (
				04BBC6062A2733E4007D3AFB /* vector.c in Sources */,
				04BBC6042A2733E4007D3AFB /* string_buffer.c in Sources */,
				04BBC60A2A2733E4007D3AFB /* error.c in Sources */,
				04BBC60E2A2733E4007D3AFB /* string_piece.c in Sources */,
				04BBC5DE2A2733D4007D3AFB /* main.m in Sources */,
				04BBC6082A2733E4007D3AFB /* char_ref.c in Sources */,
				04BBC6072A2733E4007D3AFB /* attribute.c in Sources */,
				04BBC60B2A2733E4007D3AFB /* tag.c in Sources */,
				04BBC60F2A2733E4007D3AFB /* OCGumbo+Query.m in Sources */,
				04BBC6092A2733E4007D3AFB /* utf8.c in Sources */,
				04BBC60C2A2733E4007D3AFB /* parser.c in Sources */,
				04BBC60D2A2733E4007D3AFB /* tokenizer.c in Sources */,
				04BBC6102A2733E4007D3AFB /* OCGumbo.m in Sources */,
				04BBC6052A2733E4007D3AFB /* util.c in Sources */,
			);
			runOnlyForDeploymentPostprocessing = 0;
		};
/* End PBXSourcesBuildPhase section */

/* Begin XCBuildConfiguration section */
		04BBC5DF2A2733D4007D3AFB /* Debug */ = {
			isa = XCBuildConfiguration;
			buildSettings = {
				ALWAYS_SEARCH_USER_PATHS = NO;
				CLANG_ANALYZER_NONNULL = YES;
				CLANG_ANALYZER_NUMBER_OBJECT_CONVERSION = YES_AGGRESSIVE;
				CLANG_CXX_LANGUAGE_STANDARD = "gnu++17";
				CLANG_ENABLE_MODULES = YES;
				CLANG_ENABLE_OBJC_ARC = YES;
				CLANG_ENABLE_OBJC_WEAK = YES;
				CLANG_WARN_BLOCK_CAPTURE_AUTORELEASING = YES;
				CLANG_WARN_BOOL_CONVERSION = YES;
				CLANG_WARN_COMMA = YES;
				CLANG_WARN_CONSTANT_CONVERSION = YES;
				CLANG_WARN_DEPRECATED_OBJC_IMPLEMENTATIONS = YES;
				CLANG_WARN_DIRECT_OBJC_ISA_USAGE = YES_ERROR;
				CLANG_WARN_DOCUMENTATION_COMMENTS = YES;
				CLANG_WARN_EMPTY_BODY = YES;
				CLANG_WARN_ENUM_CONVERSION = YES;
				CLANG_WARN_INFINITE_RECURSION = YES;
				CLANG_WARN_INT_CONVERSION = YES;
				CLANG_WARN_NON_LITERAL_NULL_CONVERSION = YES;
				CLANG_WARN_OBJC_IMPLICIT_RETAIN_SELF = YES;
				CLANG_WARN_OBJC_LITERAL_CONVERSION = YES;
				CLANG_WARN_OBJC_ROOT_CLASS = YES_ERROR;
				CLANG_WARN_QUOTED_INCLUDE_IN_FRAMEWORK_HEADER = YES;
				CLANG_WARN_RANGE_LOOP_ANALYSIS = YES;
				CLANG_WARN_STRICT_PROTOTYPES = YES;
				CLANG_WARN_SUSPICIOUS_MOVE = YES;
				CLANG_WARN_UNGUARDED_AVAILABILITY = YES_AGGRESSIVE;
				CLANG_WARN_UNREACHABLE_CODE = YES;
				CLANG_WARN__DUPLICATE_METHOD_MATCH = YES;
				COPY_PHASE_STRIP = NO;
				DEBUG_INFORMATION_FORMAT = dwarf;
				ENABLE_STRICT_OBJC_MSGSEND = YES;
				ENABLE_TESTABILITY = YES;
				GCC_C_LANGUAGE_STANDARD = gnu11;
				GCC_DYNAMIC_NO_PIC = NO;
				GCC_NO_COMMON_BLOCKS = YES;
				GCC_OPTIMIZATION_LEVEL = 0;
				GCC_PREPROCESSOR_DEFINITIONS = (
					"DEBUG=1",
					"$(inherited)",
				);
				GCC_WARN_64_TO_32_BIT_CONVERSION = YES;
				GCC_WARN_ABOUT_RETURN_TYPE = YES_ERROR;
				GCC_WARN_UNDECLARED_SELECTOR = YES;
				GCC_WARN_UNINITIALIZED_AUTOS = YES_AGGRESSIVE;
				GCC_WARN_UNUSED_FUNCTION = YES;
				GCC_WARN_UNUSED_VARIABLE = YES;
				MACOSX_DEPLOYMENT_TARGET = 12.3;
				MTL_ENABLE_DEBUG_INFO = INCLUDE_SOURCE;
				MTL_FAST_MATH = YES;
				ONLY_ACTIVE_ARCH = YES;
				SDKROOT = macosx;
			};
			name = Debug;
		};
		04BBC5E02A2733D4007D3AFB /* Release */ = {
			isa = XCBuildConfiguration;
			buildSettings = {
				ALWAYS_SEARCH_USER_PATHS = NO;
				CLANG_ANALYZER_NONNULL = YES;
				CLANG_ANALYZER_NUMBER_OBJECT_CONVERSION = YES_AGGRESSIVE;
				CLANG_CXX_LANGUAGE_STANDARD = "gnu++17";
				CLANG_ENABLE_MODULES = YES;
				CLANG_ENABLE_OBJC_ARC = YES;
				CLANG_ENABLE_OBJC_WEAK = YES;
				CLANG_WARN_BLOCK_CAPTURE_AUTORELEASING = YES;
				CLANG_WARN_BOOL_CONVERSION = YES;
				CLANG_WARN_COMMA = YES;
				CLANG_WARN_CONSTANT_CONVERSION = YES;
				CLANG_WARN_DEPRECATED_OBJC_IMPLEMENTATIONS = YES;
				CLANG_WARN_DIRECT_OBJC_ISA_USAGE = YES_ERROR;
				CLANG_WARN_DOCUMENTATION_COMMENTS = YES;
				CLANG_WARN_EMPTY_BODY = YES;
				CLANG_WARN_ENUM_CONVERSION = YES;
				CLANG_WARN_INFINITE_RECURSION = YES;
				CLANG_WARN_INT_CONVERSION = YES;
				CLANG_WARN_NON_LITERAL_NULL_CONVERSION = YES;
				CLANG_WARN_OBJC_IMPLICIT_RETAIN_SELF = YES;
				CLANG_WARN_OBJC_LITERAL_CONVERSION = YES;
				CLANG_WARN_OBJC_ROOT_CLASS = YES_ERROR;
				CLANG_WARN_QUOTED_INCLUDE_IN_FRAMEWORK_HEADER = YES;
				CLANG_WARN_RANGE_LOOP_ANALYSIS = YES;
				CLANG_WARN_STRICT_PROTOTYPES = YES;
				CLANG_WARN_SUSPICIOUS_MOVE = YES;
				CLANG_WARN_UNGUARDED_AVAILABILITY = YES_AGGRESSIVE;
				CLANG_WARN_UNREACHABLE_CODE = YES;
				CLANG_WARN__DUPLICATE_METHOD_MATCH = YES;
				COPY_PHASE_STRIP = NO;
				DEBUG_INFORMATION_FORMAT = "dwarf-with-dsym";
				ENABLE_NS_ASSERTIONS = NO;
				ENABLE_STRICT_OBJC_MSGSEND = YES;
				GCC_C_LANGUAGE_STANDARD = gnu11;
				GCC_NO_COMMON_BLOCKS = YES;
				GCC_WARN_64_TO_32_BIT_CONVERSION = YES;
				GCC_WARN_ABOUT_RETURN_TYPE = YES_ERROR;
				GCC_WARN_UNDECLARED_SELECTOR = YES;
				GCC_WARN_UNINITIALIZED_AUTOS = YES_AGGRESSIVE;
				GCC_WARN_UNUSED_FUNCTION = YES;
				GCC_WARN_UNUSED_VARIABLE = YES;
				MACOSX_DEPLOYMENT_TARGET = 12.3;
				MTL_ENABLE_DEBUG_INFO = NO;
				MTL_FAST_MATH = YES;
				SDKROOT = macosx;
			};
			name = Release;
		};
		04BBC5E22A2733D4007D3AFB /* Debug */ = {
			isa = XCBuildConfiguration;
			buildSettings = {
				CODE_SIGN_STYLE = Automatic;
				DEVELOPMENT_TEAM = CX9724CS5M;
				ENABLE_HARDENED_RUNTIME = YES;
				PRODUCT_NAME = "$(TARGET_NAME)";
			};
			name = Debug;
		};
		04BBC5E32A2733D4007D3AFB /* Release */ = {
			isa = XCBuildConfiguration;
			buildSettings = {
				CODE_SIGN_STYLE = Automatic;
				DEVELOPMENT_TEAM = CX9724CS5M;
				ENABLE_HARDENED_RUNTIME = YES;
				PRODUCT_NAME = "$(TARGET_NAME)";
			};
			name = Release;
		};
/* End XCBuildConfiguration section */

/* Begin XCConfigurationList section */
		04BBC5D52A2733D4007D3AFB /* Build configuration list for PBXProject "GumboDemo" */ = {
			isa = XCConfigurationList;
			buildConfigurations = (
				04BBC5DF2A2733D4007D3AFB /* Debug */,
				04BBC5E02A2733D4007D3AFB /* Release */,
			);
			defaultConfigurationIsVisible = 0;
			defaultConfigurationName = Release;
		};
		04BBC5E12A2733D4007D3AFB /* Build configuration list for PBXNativeTarget "GumboDemo" */ = {
			isa = XCConfigurationList;
			buildConfigurations = (
				04BBC5E22A2733D4007D3AFB /* Debug */,
				04BBC5E32A2733D4007D3AFB /* Release */,
			);
			defaultConfigurationIsVisible = 0;
			defaultConfigurationName = Release;
		};
/* End XCConfigurationList section */
	};
	rootObject = 04BBC5D22A2733D4007D3AFB /* Project object */;
}
